
Microsoft Visual Studio Solution File, Format Version 12.00
# Visual Studio Version 16
VisualStudioVersion = 16.0.31702.278
MinimumVisualStudioVersion = 10.0.40219.1
Project("{FAE04EC0-301F-11D3-BF4B-00C04F79EFBC}") = "Open-Lab-10.01", "Open-Lab-10.01\Open-Lab-10.01.csproj", "{B4AA9F2E-2D84-4A6E-9748-2814904E78AE}"
EndProject
Global
	GlobalSection(SolutionConfigurationPlatforms) = preSolution
		Debug|Any CPU = Debug|Any CPU
		Release|Any CPU = Release|Any CPU
	EndGlobalSection
	GlobalSection(ProjectConfigurationPlatforms) = postSolution
		{B4AA9F2E-2D84-4A6E-9748-2814904E78AE}.Debug|Any CPU.ActiveCfg = Debug|Any CPU
		{B4AA9F2E-2D84-4A6E-9748-2814904E78AE}.Debug|Any CPU.Build.0 = Debug|Any CPU
		{B4AA9F2E-2D84-4A6E-9748-2814904E78AE}.Release|Any CPU.ActiveCfg = Release|Any CPU
		{B4AA9F2E-2D84-4A6E-9748-2814904E78AE}.Release|Any CPU.Build.0 = Release|Any CPU
	EndGlobalSection
	GlobalSection(SolutionProperties) = preSolution
		HideSolutionNode = FALSE
	EndGlobalSection
	GlobalSection(ExtensibilityGlobals) = postSolution
		SolutionGuid = {8264B779-825A-4410-B4F8-FBAB42C33CD1}
	EndGlobalSection
EndGlobal
